
Microsoft Visual Studio Solution File, Format Version 12.00
Project("{FAE04EC0-301F-11D3-BF4B-00C04F79EFBC}") = "Utils", "..\AssistPack\Utils\Utils.csproj", "{8323B702-9E4A-4BC3-B2D0-288125878315}"
EndProject
Project("{FAE04EC0-301F-11D3-BF4B-00C04F79EFBC}") = "AvaloniaUtils", "..\AssistPack\AvaloniaUtils\AvaloniaUtils.csproj", "{B23E5D5E-4F69-4CF6-BCDC-300816BA0003}"
EndProject
Project("{FAE04EC0-301F-11D3-BF4B-00C04F79EFBC}") = "SpaceScout.Core", "SpaceScout.Core\SpaceScout.Core.csproj", "{C1D511A4-BC10-4C22-95E9-88F392686063}"
EndProject
Project("{FAE04EC0-301F-11D3-BF4B-00C04F79EFBC}") = "SpaceScout.Analyzer", "SpaceScout.Analyzer\SpaceScout.Analyzer.csproj", "{A65D0887-439F-492B-9A84-9478D421D747}"
EndProject
Project("{FAE04EC0-301F-11D3-BF4B-00C04F79EFBC}") = "SpaceScout.Bench", "SpaceScout.Bench\SpaceScout.Bench.csproj", "{74CFD711-6214-4F30-9114-51C7F6B14606}"
EndProject
Project("{FAE04EC0-301F-11D3-BF4B-00C04F79EFBC}") = "SpaceScout", "SpaceScout\SpaceScout.csproj", "{2EBD11EF-C0E8-41E0-AF99-C388162FDA37}"
EndProject
Global
	GlobalSection(SolutionConfigurationPlatforms) = preSolution
		Debug|Any CPU = Debug|Any CPU
		Release|Any CPU = Release|Any CPU
	EndGlobalSection
	GlobalSection(ProjectConfigurationPlatforms) = postSolution
		{8323B702-9E4A-4BC3-B2D0-288125878315}.Debug|Any CPU.ActiveCfg = Debug|Any CPU
		{8323B702-9E4A-4BC3-B2D0-288125878315}.Debug|Any CPU.Build.0 = Debug|Any CPU
		{8323B702-9E4A-4BC3-B2D0-288125878315}.Release|Any CPU.ActiveCfg = Release|Any CPU
		{8323B702-9E4A-4BC3-B2D0-288125878315}.Release|Any CPU.Build.0 = Release|Any CPU
		{B23E5D5E-4F69-4CF6-BCDC-300816BA0003}.Debug|Any CPU.ActiveCfg = Debug|Any CPU
		{B23E5D5E-4F69-4CF6-BCDC-300816BA0003}.Debug|Any CPU.Build.0 = Debug|Any CPU
		{B23E5D5E-4F69-4CF6-BCDC-300816BA0003}.Release|Any CPU.ActiveCfg = Release|Any CPU
		{B23E5D5E-4F69-4CF6-BCDC-300816BA0003}.Release|Any CPU.Build.0 = Release|Any CPU
		{C1D511A4-BC10-4C22-95E9-88F392686063}.Debug|Any CPU.ActiveCfg = Debug|Any CPU
		{C1D511A4-BC10-4C22-95E9-88F392686063}.Debug|Any CPU.Build.0 = Debug|Any CPU
		{C1D511A4-BC10-4C22-95E9-88F392686063}.Release|Any CPU.ActiveCfg = Release|Any CPU
		{C1D511A4-BC10-4C22-95E9-88F392686063}.Release|Any CPU.Build.0 = Release|Any CPU
		{A65D0887-439F-492B-9A84-9478D421D747}.Debug|Any CPU.ActiveCfg = Debug|Any CPU
		{A65D0887-439F-492B-9A84-9478D421D747}.Debug|Any CPU.Build.0 = Debug|Any CPU
		{A65D0887-439F-492B-9A84-9478D421D747}.Release|Any CPU.ActiveCfg = Release|Any CPU
		{A65D0887-439F-492B-9A84-9478D421D747}.Release|Any CPU.Build.0 = Release|Any CPU
		{74CFD711-6214-4F30-9114-51C7F6B14606}.Debug|Any CPU.ActiveCfg = Debug|Any CPU
		{74CFD711-6214-4F30-9114-51C7F6B14606}.Debug|Any CPU.Build.0 = Debug|Any CPU
		{74CFD711-6214-4F30-9114-51C7F6B14606}.Release|Any CPU.ActiveCfg = Release|Any CPU
		{74CFD711-6214-4F30-9114-51C7F6B14606}.Release|Any CPU.Build.0 = Release|Any CPU
		{2EBD11EF-C0E8-41E0-AF99-C388162FDA37}.Debug|Any CPU.ActiveCfg = Debug|Any CPU
		{2EBD11EF-C0E8-41E0-AF99-C388162FDA37}.Debug|Any CPU.Build.0 = Debug|Any CPU
		{2EBD11EF-C0E8-41E0-AF99-C388162FDA37}.Release|Any CPU.ActiveCfg = Release|Any CPU
		{2EBD11EF-C0E8-41E0-AF99-C388162FDA37}.Release|Any CPU.Build.0 = Release|Any CPU
	EndGlobalSection
EndGlobal
